
Microsoft Visual Studio Solution File, Format Version 12.00
# Visual Studio Version 16
VisualStudioVersion = 16.0.31613.86
MinimumVisualStudioVersion = 10.0.40219.1
Project("{FAE04EC0-301F-11D3-BF4B-00C04F79EFBC}") = "UnitTest3_2", "UnitTest3_2.csproj", "{7370DD66-8FF9-4162-A112-98B41D9F2D55}"
EndProject
Global
	GlobalSection(SolutionConfigurationPlatforms) = preSolution
		Debug|Any CPU = Debug|Any CPU
		Release|Any CPU = Release|Any CPU
	EndGlobalSection
	GlobalSection(ProjectConfigurationPlatforms) = postSolution
		{7370DD66-8FF9-4162-A112-98B41D9F2D55}.Debug|Any CPU.ActiveCfg = Debug|Any CPU
		{7370DD66-8FF9-4162-A112-98B41D9F2D55}.Debug|Any CPU.Build.0 = Debug|Any CPU
		{7370DD66-8FF9-4162-A112-98B41D9F2D55}.Release|Any CPU.ActiveCfg = Release|Any CPU
		{7370DD66-8FF9-4162-A112-98B41D9F2D55}.Release|Any CPU.Build.0 = Release|Any CPU
	EndGlobalSection
	GlobalSection(SolutionProperties) = preSolution
		HideSolutionNode = FALSE
	EndGlobalSection
	GlobalSection(ExtensibilityGlobals) = postSolution
		SolutionGuid = {0518BF67-C60E-4535-B777-C750CC5AC8AC}
	EndGlobalSection
EndGlobal
